
Microsoft Visual Studio Solution File, Format Version 11.00
# Visual Studio 2010
Project("{FAE04EC0-301F-11D3-BF4B-00C04F79EFBC}") = "Assembly-CSharp", "Assembly-CSharp.csproj", "{e468a3ea-9205-cfd9-68bd-1e653c22b8ae}"
EndProject
Project("{FAE04EC0-301F-11D3-BF4B-00C04F79EFBC}") = "Assembly-CSharp-Editor", "Assembly-CSharp-Editor.csproj", "{7ad1f4c1-fdbd-bacc-bce0-5d373ecafe32}"
EndProject
Global
	GlobalSection(SolutionConfigurationPlatforms) = preSolution
		Debug|Any CPU = Debug|Any CPU
	EndGlobalSection
	GlobalSection(ProjectConfigurationPlatforms) = postSolution
		{e468a3ea-9205-cfd9-68bd-1e653c22b8ae}.Debug|Any CPU.ActiveCfg = Debug|Any CPU
		{e468a3ea-9205-cfd9-68bd-1e653c22b8ae}.Debug|Any CPU.Build.0 = Debug|Any CPU
		{7ad1f4c1-fdbd-bacc-bce0-5d373ecafe32}.Debug|Any CPU.ActiveCfg = Debug|Any CPU
		{7ad1f4c1-fdbd-bacc-bce0-5d373ecafe32}.Debug|Any CPU.Build.0 = Debug|Any CPU
	EndGlobalSection
	GlobalSection(SolutionProperties) = preSolution
		HideSolutionNode = FALSE
	EndGlobalSection
EndGlobal
